// !$*UTF8*$!
{
	archiveVersion = 1;
	classes = {
	};
	objectVersion = 46;
	objects = {

/* Begin PBXBuildFile section */
		877BE69D1A83F7CE00FFCCFD /* main.m in Sources */ = {isa = PBXBuildFile; fileRef = 877BE69C1A83F7CE00FFCCFD /* main.m */; };
		877BE6A01A83F7CE00FFCCFD /* AppDelegate.m in Sources */ = {isa = PBXBuildFile; fileRef = 877BE69F1A83F7CE00FFCCFD /* AppDelegate.m */; };
		877BE6A31A83F7CE00FFCCFD /* ViewController.m in Sources */ = {isa = PBXBuildFile; fileRef = 877BE6A21A83F7CE00FFCCFD /* ViewController.m */; };
		877BE6A81A83F7CE00FFCCFD /* Images.xcassets in Resources */ = {isa = PBXBuildFile; fileRef = 877BE6A71A83F7CE00FFCCFD /* Images.xcassets */; };
		877BE6AB1A83F7CE00FFCCFD /* LaunchScreen.xib in Resources */ = {isa = PBXBuildFile; fileRef = 877BE6A91A83F7CE00FFCCFD /* LaunchScreen.xib */; };
		877BE6B71A83F7CE00FFCCFD /* ABCIntroViewTests.m in Sources */ = {isa = PBXBuildFile; fileRef = 877BE6B61A83F7CE00FFCCFD /* ABCIntroViewTests.m */; };
		877BE6C21A83F81D00FFCCFD /* ABCIntroView.m in Sources */ = {isa = PBXBuildFile; fileRef = 877BE6C11A83F81D00FFCCFD /* ABCIntroView.m */; };
/* End PBXBuildFile section */

/* Begin PBXContainerItemProxy section */
		877BE6B11A83F7CE00FFCCFD /* PBXContainerItemProxy */ = {
			isa = PBXContainerItemProxy;
			containerPortal = 877BE68F1A83F7CE00FFCCFD /* Project object */;
			proxyType = 1;
			remoteGlobalIDString = 877BE6961A83F7CE00FFCCFD;
			remoteInfo = ABCIntroView;
		};
/* End PBXContainerItemProxy section */

/* Begin PBXFileReference section */
		877BE6971A83F7CE00FFCCFD /* ABCIntroView.app */ = {isa = PBXFileReference; explicitFileType = wrapper.application; includeInIndex = 0; path = ABCIntroView.app; sourceTree = BUILT_PRODUCTS_DIR; };
		877BE69B1A83F7CE00FFCCFD /* Info.plist */ = {isa = PBXFileReference; lastKnownFileType = text.plist.xml; path = Info.plist; sourceTree = "<group>"; };
		877BE69C1A83F7CE00FFCCFD /* main.m */ = {isa = PBXFileReference; lastKnownFileType = sourcecode.c.objc; path = main.m; sourceTree = "<group>"; };
		877BE69E1A83F7CE00FFCCFD /* AppDelegate.h */ = {isa = PBXFileReference; lastKnownFileType = sourcecode.c.h; path = AppDelegate.h; sourceTree = "<group>"; };
		877BE69F1A83F7CE00FFCCFD /* AppDelegate.m */ = {isa = PBXFileReference; lastKnownFileType = sourcecode.c.objc; path = AppDelegate.m; sourceTree = "<group>"; };
		877BE6A11A83F7CE00FFCCFD /* ViewController.h */ = {isa = PBXFileReference; lastKnownFileType = sourcecode.c.h; path = ViewController.h; sourceTree = "<group>"; };
		877BE6A21A83F7CE00FFCCFD /* ViewController.m */ = {isa = PBXFileReference; lastKnownFileType = sourcecode.c.objc; path = ViewController.m; sourceTree = "<group>"; };
		877BE6A71A83F7CE00FFCCFD /* Images.xcassets */ = {isa = PBXFileReference; lastKnownFileType = folder.assetcatalog; path = Images.xcassets; sourceTree = "<group>"; };
		877BE6AA1A83F7CE00FFCCFD /* Base */ = {isa = PBXFileReference; lastKnownFileType = file.xib; name = Base; path = Base.lproj/LaunchScreen.xib; sourceTree = "<group>"; };
		877BE6B01A83F7CE00FFCCFD /* ABCIntroViewTests.xctest */ = {isa = PBXFileReference; explicitFileType = wrapper.cfbundle; includeInIndex = 0; path = ABCIntroViewTests.xctest; sourceTree = BUILT_PRODUCTS_DIR; };
		877BE6B51A83F7CE00FFCCFD /* Info.plist */ = {isa = PBXFileReference; lastKnownFileType = text.plist.xml; path = Info.plist; sourceTree = "<group>"; };
		877BE6B61A83F7CE00FFCCFD /* ABCIntroViewTests.m */ = {isa = PBXFileReference; lastKnownFileType = sourcecode.c.objc; path = ABCIntroViewTests.m; sourceTree = "<group>"; };
		877BE6C01A83F81D00FFCCFD /* ABCIntroView.h */ = {isa = PBXFileReference; fileEncoding = 4; lastKnownFileType = sourcecode.c.h; path = ABCIntroView.h; sourceTree = "<group>"; };
		877BE6C11A83F81D00FFCCFD /* ABCIntroView.m */ = {isa = PBXFileReference; fileEncoding = 4; lastKnownFileType = sourcecode.c.objc; path = ABCIntroView.m; sourceTree = "<group>"; };
/* End PBXFileReference section */

/* Begin PBXFrameworksBuildPhase section */
		877BE6941A83F7CE00FFCCFD /* Frameworks */ = {
			isa = PBXFrameworksBuildPhase;
			buildActionMask = 2147483647;
			files = (
			);
			runOnlyForDeploymentPostprocessing = 0;
		};
		877BE6AD1A83F7CE00FFCCFD /* Frameworks */ = {
			isa = PBXFrameworksBuildPhase;
			buildActionMask = 2147483647;
			files = (
			);
			runOnlyForDeploymentPostprocessing = 0;
		};
/* End PBXFrameworksBuildPhase section */

/* Begin PBXGroup section */
		877BE68E1A83F7CE00FFCCFD = {
			isa = PBXGroup;
			children = (
				877BE6991A83F7CE00FFCCFD /* ABCIntroView */,
				877BE6B31A83F7CE00FFCCFD /* ABCIntroViewTests */,
				877BE6981A83F7CE00FFCCFD /* Products */,
			);
			sourceTree = "<group>";
		};
		877BE6981A83F7CE00FFCCFD /* Products */ = {
			isa = PBXGroup;
			children = (
				877BE6971A83F7CE00FFCCFD /* ABCIntroView.app */,
				877BE6B01A83F7CE00FFCCFD /* ABCIntroViewTests.xctest */,
			);
			name = Products;
			sourceTree = "<group>";
		};
		877BE6991A83F7CE00FFCCFD /* ABCIntroView */ = {
			isa = PBXGroup;
			children = (
				877BE69E1A83F7CE00FFCCFD /* AppDelegate.h */,
				877BE69F1A83F7CE00FFCCFD /* AppDelegate.m */,
				877BE6C31A83F8EE00FFCCFD /* Classes */,
				877BE6A11A83F7CE00FFCCFD /* ViewController.h */,
				877BE6A21A83F7CE00FFCCFD /* ViewController.m */,
				877BE6A71A83F7CE00FFCCFD /* Images.xcassets */,
				877BE6A91A83F7CE00FFCCFD /* LaunchScreen.xib */,
				877BE69A1A83F7CE00FFCCFD /* Supporting Files */,
			);
			path = ABCIntroView;
			sourceTree = "<group>";
		};
		877BE69A1A83F7CE00FFCCFD /* Supporting Files */ = {
			isa = PBXGroup;
			children = (
				877BE69B1A83F7CE00FFCCFD /* Info.plist */,
				877BE69C1A83F7CE00FFCCFD /* main.m */,
			);
			name = "Supporting Files";
			sourceTree = "<group>";
		};
		877BE6B31A83F7CE00FFCCFD /* ABCIntroViewTests */ = {
			isa = PBXGroup;
			children = (
				877BE6B61A83F7CE00FFCCFD /* ABCIntroViewTests.m */,
				877BE6B41A83F7CE00FFCCFD /* Supporting Files */,
			);
			path = ABCIntroViewTests;
			sourceTree = "<group>";
		};
		877BE6B41A83F7CE00FFCCFD /* Supporting Files */ = {
			isa = PBXGroup;
			children = (
				877BE6B51A83F7CE00FFCCFD /* Info.plist */,
			);
			name = "Supporting Files";
			sourceTree = "<group>";
		};
		877BE6C31A83F8EE00FFCCFD /* Classes */ = {
			isa = PBXGroup;
			children = (
				877BE6C01A83F81D00FFCCFD /* ABCIntroView.h */,
				877BE6C11A83F81D00FFCCFD /* ABCIntroView.m */,
			);
			name = Classes;
			sourceTree = "<group>";
		};
/* End PBXGroup section */

/* Begin PBXNativeTarget section */
		877BE6961A83F7CE00FFCCFD /* ABCIntroView */ = {
			isa = PBXNativeTarget;
			buildConfigurationList = 877BE6BA1A83F7CE00FFCCFD /* Build configuration list for PBXNativeTarget "ABCIntroView" */;
			buildPhases = (
				877BE6931A83F7CE00FFCCFD /* Sources */,
				877BE6941A83F7CE00FFCCFD /* Frameworks */,
				877BE6951A83F7CE00FFCCFD /* Resources */,
			);
			buildRules = (
			);
			dependencies = (
			);
			name = ABCIntroView;
			productName = ABCIntroView;
			productReference = 877BE6971A83F7CE00FFCCFD /* ABCIntroView.app */;
			productType = "com.apple.product-type.application";
		};
		877BE6AF1A83F7CE00FFCCFD /* ABCIntroViewTests */ = {
			isa = PBXNativeTarget;
			buildConfigurationList = 877BE6BD1A83F7CE00FFCCFD /* Build configuration list for PBXNativeTarget "ABCIntroViewTests" */;
			buildPhases = (
				877BE6AC1A83F7CE00FFCCFD /* Sources */,
				877BE6AD1A83F7CE00FFCCFD /* Frameworks */,
				877BE6AE1A83F7CE00FFCCFD /* Resources */,
			);
			buildRules = (
			);
			dependencies = (
				877BE6B21A83F7CE00FFCCFD /* PBXTargetDependency */,
			);
			name = ABCIntroViewTests;
			productName = ABCIntroViewTests;
			productReference = 877BE6B01A83F7CE00FFCCFD /* ABCIntroViewTests.xctest */;
			productType = "com.apple.product-type.bundle.unit-test";
		};
/* End PBXNativeTarget section */

/* Begin PBXProject section */
		877BE68F1A83F7CE00FFCCFD /* Project object */ = {
			isa = PBXProject;
			attributes = {
				LastUpgradeCheck = 0610;
				ORGANIZATIONNAME = "Adam Cooper";
				TargetAttributes = {
					877BE6961A83F7CE00FFCCFD = {
						CreatedOnToolsVersion = 6.1.1;
					};
					877BE6AF1A83F7CE00FFCCFD = {
						CreatedOnToolsVersion = 6.1.1;
						TestTargetID = 877BE6961A83F7CE00FFCCFD;
					};
				};
			};
			buildConfigurationList = 877BE6921A83F7CE00FFCCFD /* Build configuration list for PBXProject "ABCIntroView" */;
			compatibilityVersion = "Xcode 3.2";
			developmentRegion = English;
			hasScannedForEncodings = 0;
			knownRegions = (
				en,
				Base,
			);
			mainGroup = 877BE68E1A83F7CE00FFCCFD;
			productRefGroup = 877BE6981A83F7CE00FFCCFD /* Products */;
			projectDirPath = "";
			projectRoot = "";
			targets = (
				877BE6961A83F7CE00FFCCFD /* ABCIntroView */,
				877BE6AF1A83F7CE00FFCCFD /* ABCIntroViewTests */,
			);
		};
/* End PBXProject section */

/* Begin PBXResourcesBuildPhase section */
		877BE6951A83F7CE00FFCCFD /* Resources */ = {
			isa = PBXResourcesBuildPhase;
			buildActionMask = 2147483647;
			files = (
				877BE6AB1A83F7CE00FFCCFD /* LaunchScreen.xib in Resources */,
				877BE6A81A83F7CE00FFCCFD /* Images.xcassets in Resources */,
			);
			runOnlyForDeploymentPostprocessing = 0;
		};
		877BE6AE1A83F7CE00FFCCFD /* Resources */ = {
			isa = PBXResourcesBuildPhase;
			buildActionMask = 2147483647;
			files = (
			);
			runOnlyForDeploymentPostprocessing = 0;
		};
/* End PBXResourcesBuildPhase section */

/* Begin PBXSourcesBuildPhase section */
		877BE6931A83F7CE00FFCCFD /* Sources */ = {
			isa = PBXSourcesBuildPhase;
			buildActionMask = 2147483647;
			files = (
				877BE6A31A83F7CE00FFCCFD /* ViewController.m in Sources */,
				877BE6C21A83F81D00FFCCFD /* ABCIntroView.m in Sources */,
				877BE6A01A83F7CE00FFCCFD /* AppDelegate.m in Sources */,
				877BE69D1A83F7CE00FFCCFD /* main.m in Sources */,
			);
			runOnlyForDeploymentPostprocessing = 0;
		};
		877BE6AC1A83F7CE00FFCCFD /* Sources */ = {
			isa = PBXSourcesBuildPhase;
			buildActionMask = 2147483647;
			files = (
				877BE6B71A83F7CE00FFCCFD /* ABCIntroViewTests.m in Sources */,
			);
			runOnlyForDeploymentPostprocessing = 0;
		};
/* End PBXSourcesBuildPhase section */

/* Begin PBXTargetDependency section */
		877BE6B21A83F7CE00FFCCFD /* PBXTargetDependency */ = {
			isa = PBXTargetDependency;
			target = 877BE6961A83F7CE00FFCCFD /* ABCIntroView */;
			targetProxy = 877BE6B11A83F7CE00FFCCFD /* PBXContainerItemProxy */;
		};
/* End PBXTargetDependency section */

/* Begin PBXVariantGroup section */
		877BE6A91A83F7CE00FFCCFD /* LaunchScreen.xib */ = {
			isa = PBXVariantGroup;
			children = (
				877BE6AA1A83F7CE00FFCCFD /* Base */,
			);
			name = LaunchScreen.xib;
			sourceTree = "<group>";
		};
/* End PBXVariantGroup section */

/* Begin XCBuildConfiguration section */
		877BE6B81A83F7CE00FFCCFD /* Debug */ = {
			isa = XCBuildConfiguration;
			buildSettings = {
				ALWAYS_SEARCH_USER_PATHS = NO;
				CLANG_CXX_LANGUAGE_STANDARD = "gnu++0x";
				CLANG_CXX_LIBRARY = "libc++";
				CLANG_ENABLE_MODULES = YES;
				CLANG_ENABLE_OBJC_ARC = YES;
				CLANG_WARN_BOOL_CONVERSION = YES;
				CLANG_WARN_CONSTANT_CONVERSION = YES;
				CLANG_WARN_DIRECT_OBJC_ISA_USAGE = YES_ERROR;
				CLANG_WARN_EMPTY_BODY = YES;
				CLANG_WARN_ENUM_CONVERSION = YES;
				CLANG_WARN_INT_CONVERSION = YES;
				CLANG_WARN_OBJC_ROOT_CLASS = YES_ERROR;
				CLANG_WARN_UNREACHABLE_CODE = YES;
				CLANG_WARN__DUPLICATE_METHOD_MATCH = YES;
				"CODE_SIGN_IDENTITY[sdk=iphoneos*]" = "iPhone Developer";
				COPY_PHASE_STRIP = NO;
				ENABLE_STRICT_OBJC_MSGSEND = YES;
				GCC_C_LANGUAGE_STANDARD = gnu99;
				GCC_DYNAMIC_NO_PIC = NO;
				GCC_OPTIMIZATION_LEVEL = 0;
				GCC_PREPROCESSOR_DEFINITIONS = (
					"DEBUG=1",
					"$(inherited)",
				);
				GCC_SYMBOLS_PRIVATE_EXTERN = NO;
				GCC_WARN_64_TO_32_BIT_CONVERSION = YES;
				GCC_WARN_ABOUT_RETURN_TYPE = YES_ERROR;
				GCC_WARN_UNDECLARED_SELECTOR = YES;
				GCC_WARN_UNINITIALIZED_AUTOS = YES_AGGRESSIVE;
				GCC_WARN_UNUSED_FUNCTION = YES;
				GCC_WARN_UNUSED_VARIABLE = YES;
				IPHONEOS_DEPLOYMENT_TARGET = 8.1;
				MTL_ENABLE_DEBUG_INFO = YES;
				ONLY_ACTIVE_ARCH = YES;
				SDKROOT = iphoneos;
				TARGETED_DEVICE_FAMILY = "1,2";
			};
			name = Debug;
		};
		877BE6B91A83F7CE00FFCCFD /* Release */ = {
			isa = XCBuildConfiguration;
			buildSettings = {
				ALWAYS_SEARCH_USER_PATHS = NO;
				CLANG_CXX_LANGUAGE_STANDARD = "gnu++0x";
				CLANG_CXX_LIBRARY = "libc++";
				CLANG_ENABLE_MODULES = YES;
				CLANG_ENABLE_OBJC_ARC = YES;
				CLANG_WARN_BOOL_CONVERSION = YES;
				CLANG_WARN_CONSTANT_CONVERSION = YES;
				CLANG_WARN_DIRECT_OBJC_ISA_USAGE = YES_ERROR;
				CLANG_WARN_EMPTY_BODY = YES;
				CLANG_WARN_ENUM_CONVERSION = YES;
				CLANG_WARN_INT_CONVERSION = YES;
				CLANG_WARN_OBJC_ROOT_CLASS = YES_ERROR;
				CLANG_WARN_UNREACHABLE_CODE = YES;
				CLANG_WARN__DUPLICATE_METHOD_MATCH = YES;
				"CODE_SIGN_IDENTITY[sdk=iphoneos*]" = "iPhone Developer";
				COPY_PHASE_STRIP = YES;
				ENABLE_NS_ASSERTIONS = NO;
				ENABLE_STRICT_OBJC_MSGSEND = YES;
				GCC_C_LANGUAGE_STANDARD = gnu99;
				GCC_WARN_64_TO_32_BIT_CONVERSION = YES;
				GCC_WARN_ABOUT_RETURN_TYPE = YES_ERROR;
				GCC_WARN_UNDECLARED_SELECTOR = YES;
				GCC_WARN_UNINITIALIZED_AUTOS = YES_AGGRESSIVE;
				GCC_WARN_UNUSED_FUNCTION = YES;
				GCC_WARN_UNUSED_VARIABLE = YES;
				IPHONEOS_DEPLOYMENT_TARGET = 8.1;
				MTL_ENABLE_DEBUG_INFO = NO;
				SDKROOT = iphoneos;
				TARGETED_DEVICE_FAMILY = "1,2";
				VALIDATE_PRODUCT = YES;
			};
			name = Release;
		};
		877BE6BB1A83F7CE00FFCCFD /* Debug */ = {
			isa = XCBuildConfiguration;
			buildSettings = {
				ASSETCATALOG_COMPILER_APPICON_NAME = AppIcon;
				INFOPLIST_FILE = ABCIntroView/Info.plist;
				LD_RUNPATH_SEARCH_PATHS = "$(inherited) @executable_path/Frameworks";
				PRODUCT_NAME = "$(TARGET_NAME)";
			};
			name = Debug;
		};
		877BE6BC1A83F7CE00FFCCFD /* Release */ = {
			isa = XCBuildConfiguration;
			buildSettings = {
				ASSETCATALOG_COMPILER_APPICON_NAME = AppIcon;
				INFOPLIST_FILE = ABCIntroView/Info.plist;
				LD_RUNPATH_SEARCH_PATHS = "$(inherited) @executable_path/Frameworks";
				PRODUCT_NAME = "$(TARGET_NAME)";
			};
			name = Release;
		};
		877BE6BE1A83F7CE00FFCCFD /* Debug */ = {
			isa = XCBuildConfiguration;
			buildSettings = {
				BUNDLE_LOADER = "$(TEST_HOST)";
				FRAMEWORK_SEARCH_PATHS = (
					"$(SDKROOT)/Developer/Library/Frameworks",
					"$(inherited)",
				);
				GCC_PREPROCESSOR_DEFINITIONS = (
					"DEBUG=1",
					"$(inherited)",
				);
				INFOPLIST_FILE = ABCIntroViewTests/Info.plist;
				LD_RUNPATH_SEARCH_PATHS = "$(inherited) @executable_path/Frameworks @loader_path/Frameworks";
				PRODUCT_NAME = "$(TARGET_NAME)";
				TEST_HOST = "$(BUILT_PRODUCTS_DIR)/ABCIntroView.app/ABCIntroView";
			};
			name = Debug;
		};
		877BE6BF1A83F7CE00FFCCFD /* Release */ = {
			isa = XCBuildConfiguration;
			buildSettings = {
				BUNDLE_LOADER = "$(TEST_HOST)";
				FRAMEWORK_SEARCH_PATHS = (
					"$(SDKROOT)/Developer/Library/Frameworks",
					"$(inherited)",
				);
				INFOPLIST_FILE = ABCIntroViewTests/Info.plist;
				LD_RUNPATH_SEARCH_PATHS = "$(inherited) @executable_path/Frameworks @loader_path/Frameworks";
				PRODUCT_NAME = "$(TARGET_NAME)";
				TEST_HOST = "$(BUILT_PRODUCTS_DIR)/ABCIntroView.app/ABCIntroView";
			};
			name = Release;
		};
/* End XCBuildConfiguration section */

/* Begin XCConfigurationList section */
		877BE6921A83F7CE00FFCCFD /* Build configuration list for PBXProject "ABCIntroView" */ = {
			isa = XCConfigurationList;
			buildConfigurations = (
				877BE6B81A83F7CE00FFCCFD /* Debug */,
				877BE6B91A83F7CE00FFCCFD /* Release */,
			);
			defaultConfigurationIsVisible = 0;
			defaultConfigurationName = Release;
		};
		877BE6BA1A83F7CE00FFCCFD /* Build configuration list for PBXNativeTarget "ABCIntroView" */ = {
			isa = XCConfigurationList;
			buildConfigurations = (
				877BE6BB1A83F7CE00FFCCFD /* Debug */,
				877BE6BC1A83F7CE00FFCCFD /* Release */,
			);
			defaultConfigurationIsVisible = 0;
			defaultConfigurationName = Release;
		};
		877BE6BD1A83F7CE00FFCCFD /* Build configuration list for PBXNativeTarget "ABCIntroViewTests" */ = {
			isa = XCConfigurationList;
			buildConfigurations = (
				877BE6BE1A83F7CE00FFCCFD /* Debug */,
				877BE6BF1A83F7CE00FFCCFD /* Release */,
			);
			defaultConfigurationIsVisible = 0;
			defaultConfigurationName = Release;
		};
/* End XCConfigurationList section */
	};
	rootObject = 877BE68F1A83F7CE00FFCCFD /* Project object */;
}
